dependencies:
- name: deployment-manager
  repository: file://charts/deployment-manager
  version: 0.1.2
- name: rca-agent
  repository: file://charts/rca-agent
  version: 0.1.2
- name: mcp-server
  repository: file://charts/mcp-server
  version: 0.1.2
- name: postgres
  repository: file://charts/postgres
  version: 0.1.2
- name: registry
  repository: file://charts/registry
  version: 0.1.2
- name: prometheus
  repository: https://prometheus-community.github.io/helm-charts
  version: 29.17.0
- name: loki
  repository: https://grafana.github.io/helm-charts
  version: 7.0.0
- name: tempo
  repository: https://grafana.github.io/helm-charts
  version: 1.24.4
- name: opentelemetry-collector
  repository: https://open-telemetry.github.io/opentelemetry-helm-charts
  version: 0.165.0
digest: sha256:138e3733e264f4e75f31c41bcb4af3da374f2288aed50153b13759346b23e845
generated: "2026-08-01T06:59:09.688069+05:30"
